
Microsoft Visual Studio Solution File, Format Version 12.00
# Visual Studio Version 17
VisualStudioVersion = 17.13.35825.156
MinimumVisualStudioVersion = 10.0.40219.1
Project("{FAE04EC0-301F-11D3-BF4B-00C04F79EFBC}") = "AIScheduleUI5", "AIScheduleUI5\AIScheduleUI5.csproj", "{4971D4B5-B954-4FE9-8786-E01951650ECF}"
EndProject
Project("{FAE04EC0-301F-11D3-BF4B-00C04F79EFBC}") = "AIScheduleUI5.BLL", "BLL\AIScheduleUI5.BLL.csproj", "{FDD5F7A2-94D0-4F7D-9FBB-6D1D82866A58}"
EndProject
Project("{FAE04EC0-301F-11D3-BF4B-00C04F79EFBC}") = "AIScheduleUI5.DAL", "DAL\AIScheduleUI5.DAL.csproj", "{6D5A7334-43FE-4236-B021-1B49FA257120}"
EndProject
Project("{2150E333-8FDC-42A3-9474-1A3956D46DE8}") = "Solution Items", "Solution Items", "{8EC462FD-D22E-90A8-E5CE-7E832BA40C5D}"
	ProjectSection(SolutionItems) = preProject
		docker-compose.yml = docker-compose.yml
	EndProjectSection
EndProject
Global
	GlobalSection(SolutionConfigurationPlatforms) = preSolution
		Debug|Any CPU = Debug|Any CPU
		Release|Any CPU = Release|Any CPU
	EndGlobalSection
	GlobalSection(ProjectConfigurationPlatforms) = postSolution
		{4971D4B5-B954-4FE9-8786-E01951650ECF}.Debug|Any CPU.ActiveCfg = Debug|Any CPU
		{4971D4B5-B954-4FE9-8786-E01951650ECF}.Debug|Any CPU.Build.0 = Debug|Any CPU
		{4971D4B5-B954-4FE9-8786-E01951650ECF}.Release|Any CPU.ActiveCfg = Release|Any CPU
		{4971D4B5-B954-4FE9-8786-E01951650ECF}.Release|Any CPU.Build.0 = Release|Any CPU
		{FDD5F7A2-94D0-4F7D-9FBB-6D1D82866A58}.Debug|Any CPU.ActiveCfg = Debug|Any CPU
		{FDD5F7A2-94D0-4F7D-9FBB-6D1D82866A58}.Debug|Any CPU.Build.0 = Debug|Any CPU
		{FDD5F7A2-94D0-4F7D-9FBB-6D1D82866A58}.Release|Any CPU.ActiveCfg = Release|Any CPU
		{FDD5F7A2-94D0-4F7D-9FBB-6D1D82866A58}.Release|Any CPU.Build.0 = Release|Any CPU
		{6D5A7334-43FE-4236-B021-1B49FA257120}.Debug|Any CPU.ActiveCfg = Debug|Any CPU
		{6D5A7334-43FE-4236-B021-1B49FA257120}.Debug|Any CPU.Build.0 = Debug|Any CPU
		{6D5A7334-43FE-4236-B021-1B49FA257120}.Release|Any CPU.ActiveCfg = Release|Any CPU
		{6D5A7334-43FE-4236-B021-1B49FA257120}.Release|Any CPU.Build.0 = Release|Any CPU
	EndGlobalSection
	GlobalSection(SolutionProperties) = preSolution
		HideSolutionNode = FALSE
	EndGlobalSection
	GlobalSection(ExtensibilityGlobals) = postSolution
		SolutionGuid = {B7D0A625-CC25-421E-A291-B0752317D8BC}
	EndGlobalSection
EndGlobal
